// !$*UTF8*$!
{
	archiveVersion = 1;
	classes = {
	};
	objectVersion = 56;
	objects = {

/* Begin PBXBuildFile section */
		A1A5EC38292E508500AD80FB /* GameOfBlocksSampleApp.swift in Sources */ = {isa = PBXBuildFile; fileRef = A1A5EC37292E508500AD80FB /* GameOfBlocksSampleApp.swift */; };
		A1A5EC3C292E508700AD80FB /* Assets.xcassets in Resources */ = {isa = PBXBuildFile; fileRef = A1A5EC3B292E508700AD80FB /* Assets.xcassets */; };
		A1A5EC3F292E508700AD80FB /* Preview Assets.xcassets in Resources */ = {isa = PBXBuildFile; fileRef = A1A5EC3E292E508700AD80FB /* Preview Assets.xcassets */; };
		A1A5EC482930010700AD80FB /* GameView.swift in Sources */ = {isa = PBXBuildFile; fileRef = A1A5EC472930010700AD80FB /* GameView.swift */; };
		A1A5EC4C2930073E00AD80FB /* GameModel.swift in Sources */ = {isa = PBXBuildFile; fileRef = A1A5EC4B2930073E00AD80FB /* GameModel.swift */; };
		A1A5EC4E29300FCD00AD80FB /* GameScoreData.swift in Sources */ = {isa = PBXBuildFile; fileRef = A1A5EC4D29300FCD00AD80FB /* GameScoreData.swift */; };
/* End PBXBuildFile section */

/* Begin PBXFileReference section */
		A1A5EC34292E508500AD80FB /* GameOfBlocksSample.app */ = {isa = PBXFileReference; explicitFileType = wrapper.application; includeInIndex = 0; path = GameOfBlocksSample.app; sourceTree = BUILT_PRODUCTS_DIR; };
		A1A5EC37292E508500AD80FB /* GameOfBlocksSampleApp.swift */ = {isa = PBXFileReference; lastKnownFileType = sourcecode.swift; path = GameOfBlocksSampleApp.swift; sourceTree = "<group>"; };
		A1A5EC3B292E508700AD80FB /* Assets.xcassets */ = {isa = PBXFileReference; lastKnownFileType = folder.assetcatalog; path = Assets.xcassets; sourceTree = "<group>"; };
		A1A5EC3E292E508700AD80FB /* Preview Assets.xcassets */ = {isa = PBXFileReference; lastKnownFileType = folder.assetcatalog; path = "Preview Assets.xcassets"; sourceTree = "<group>"; };
		A1A5EC472930010700AD80FB /* GameView.swift */ = {isa = PBXFileReference; lastKnownFileType = sourcecode.swift; path = GameView.swift; sourceTree = "<group>"; };
		A1A5EC4B2930073E00AD80FB /* GameModel.swift */ = {isa = PBXFileReference; lastKnownFileType = sourcecode.swift; path = GameModel.swift; sourceTree = "<group>"; };
		A1A5EC4D29300FCD00AD80FB /* GameScoreData.swift */ = {isa = PBXFileReference; lastKnownFileType = sourcecode.swift; path = GameScoreData.swift; sourceTree = "<group>"; };
/* End PBXFileReference section */

/* Begin PBXFrameworksBuildPhase section */
		A1A5EC31292E508500AD80FB /* Frameworks */ = {
			isa = PBXFrameworksBuildPhase;
			buildActionMask = 2147483647;
			files = (
			);
			runOnlyForDeploymentPostprocessing = 0;
		};
/* End PBXFrameworksBuildPhase section */

/* Begin PBXGroup section */
		A1A5EC2B292E508500AD80FB = {
			isa = PBXGroup;
			children = (
				A1A5EC36292E508500AD80FB /* GameOfBlocksSample */,
				A1A5EC35292E508500AD80FB /* Products */,
			);
			sourceTree = "<group>";
		};
		A1A5EC35292E508500AD80FB /* Products */ = {
			isa = PBXGroup;
			children = (
				A1A5EC34292E508500AD80FB /* GameOfBlocksSample.app */,
			);
			name = Products;
			sourceTree = "<group>";
		};
		A1A5EC36292E508500AD80FB /* GameOfBlocksSample */ = {
			isa = PBXGroup;
			children = (
				A1A5EC37292E508500AD80FB /* GameOfBlocksSampleApp.swift */,
				A1A5EC4A2930064500AD80FB /* Model */,
				A1A5EC46293000FB00AD80FB /* Views */,
				A1A5EC3B292E508700AD80FB /* Assets.xcassets */,
				A1A5EC3D292E508700AD80FB /* Preview Content */,
			);
			path = GameOfBlocksSample;
			sourceTree = "<group>";
		};
		A1A5EC3D292E508700AD80FB /* Preview Content */ = {
			isa = PBXGroup;
			children = (
				A1A5EC3E292E508700AD80FB /* Preview Assets.xcassets */,
			);
			path = "Preview Content";
			sourceTree = "<group>";
		};
		A1A5EC46293000FB00AD80FB /* Views */ = {
			isa = PBXGroup;
			children = (
				A1A5EC472930010700AD80FB /* GameView.swift */,
			);
			path = Views;
			sourceTree = "<group>";
		};
		A1A5EC4A2930064500AD80FB /* Model */ = {
			isa = PBXGroup;
			children = (
				A1A5EC4B2930073E00AD80FB /* GameModel.swift */,
				A1A5EC4D29300FCD00AD80FB /* GameScoreData.swift */,
			);
			path = Model;
			sourceTree = "<group>";
		};
/* End PBXGroup section */

/* Begin PBXNativeTarget section */
		A1A5EC33292E508500AD80FB /* GameOfBlocksSample */ = {
			isa = PBXNativeTarget;
			buildConfigurationList = A1A5EC42292E508700AD80FB /* Build configuration list for PBXNativeTarget "GameOfBlocksSample" */;
			buildPhases = (
				A1A5EC30292E508500AD80FB /* Sources */,
				A1A5EC31292E508500AD80FB /* Frameworks */,
				A1A5EC32292E508500AD80FB /* Resources */,
			);
			buildRules = (
			);
			dependencies = (
			);
			name = GameOfBlocksSample;
			productName = GameOfBlocksSample;
			productReference = A1A5EC34292E508500AD80FB /* GameOfBlocksSample.app */;
			productType = "com.apple.product-type.application";
		};
/* End PBXNativeTarget section */

/* Begin PBXProject section */
		A1A5EC2C292E508500AD80FB /* Project object */ = {
			isa = PBXProject;
			attributes = {
				BuildIndependentTargetsInParallel = 1;
				LastSwiftUpdateCheck = 1410;
				LastUpgradeCheck = 1410;
				TargetAttributes = {
					A1A5EC33292E508500AD80FB = {
						CreatedOnToolsVersion = 14.1;
					};
				};
			};
			buildConfigurationList = A1A5EC2F292E508500AD80FB /* Build configuration list for PBXProject "GameOfBlocksSample" */;
			compatibilityVersion = "Xcode 14.0";
			developmentRegion = en;
			hasScannedForEncodings = 0;
			knownRegions = (
				en,
				Base,
			);
			mainGroup = A1A5EC2B292E508500AD80FB;
			productRefGroup = A1A5EC35292E508500AD80FB /* Products */;
			projectDirPath = "";
			projectRoot = "";
			targets = (
				A1A5EC33292E508500AD80FB /* GameOfBlocksSample */,
			);
		};
/* End PBXProject section */

/* Begin PBXResourcesBuildPhase section */
		A1A5EC32292E508500AD80FB /* Resources */ = {
			isa = PBXResourcesBuildPhase;
			buildActionMask = 2147483647;
			files = (
				A1A5EC3F292E508700AD80FB /* Preview Assets.xcassets in Resources */,
				A1A5EC3C292E508700AD80FB /* Assets.xcassets in Resources */,
			);
			runOnlyForDeploymentPostprocessing = 0;
		};
/* End PBXResourcesBuildPhase section */

/* Begin PBXSourcesBuildPhase section */
		A1A5EC30292E508500AD80FB /* Sources */ = {
			isa = PBXSourcesBuildPhase;
			buildActionMask = 2147483647;
			files = (
				A1A5EC482930010700AD80FB /* GameView.swift in Sources */,
				A1A5EC38292E508500AD80FB /* GameOfBlocksSampleApp.swift in Sources */,
				A1A5EC4E29300FCD00AD80FB /* GameScoreData.swift in Sources */,
				A1A5EC4C2930073E00AD80FB /* GameModel.swift in Sources */,
			);
			runOnlyForDeploymentPostprocessing = 0;
		};
/* End PBXSourcesBuildPhase section */

/* Begin XCBuildConfiguration section */
		A1A5EC40292E508700AD80FB /* Debug */ = {
			isa = XCBuildConfiguration;
			buildSettings = {
				ALWAYS_SEARCH_USER_PATHS = NO;
				CLANG_ANALYZER_NONNULL = YES;
				CLANG_ANALYZER_NUMBER_OBJECT_CONVERSION = YES_AGGRESSIVE;
				CLANG_CXX_LANGUAGE_STANDARD = "gnu++20";
				CLANG_ENABLE_MODULES = YES;
				CLANG_ENABLE_OBJC_ARC = YES;
				CLANG_ENABLE_OBJC_WEAK = YES;
				CLANG_WARN_BLOCK_CAPTURE_AUTORELEASING = YES;
				CLANG_WARN_BOOL_CONVERSION = YES;
				CLANG_WARN_COMMA = YES;
				CLANG_WARN_CONSTANT_CONVERSION = YES;
				CLANG_WARN_DEPRECATED_OBJC_IMPLEMENTATIONS = YES;
				CLANG_WARN_DIRECT_OBJC_ISA_USAGE = YES_ERROR;
				CLANG_WARN_DOCUMENTATION_COMMENTS = YES;
				CLANG_WARN_EMPTY_BODY = YES;
				CLANG_WARN_ENUM_CONVERSION = YES;
				CLANG_WARN_INFINITE_RECURSION = YES;
				CLANG_WARN_INT_CONVERSION = YES;
				CLANG_WARN_NON_LITERAL_NULL_CONVERSION = YES;
				CLANG_WARN_OBJC_IMPLICIT_RETAIN_SELF = YES;
				CLANG_WARN_OBJC_LITERAL_CONVERSION = YES;
				CLANG_WARN_OBJC_ROOT_CLASS = YES_ERROR;
				CLANG_WARN_QUOTED_INCLUDE_IN_FRAMEWORK_HEADER = YES;
				CLANG_WARN_RANGE_LOOP_ANALYSIS = YES;
				CLANG_WARN_STRICT_PROTOTYPES = YES;
				CLANG_WARN_SUSPICIOUS_MOVE = YES;
				CLANG_WARN_UNGUARDED_AVAILABILITY = YES_AGGRESSIVE;
				CLANG_WARN_UNREACHABLE_CODE = YES;
				CLANG_WARN__DUPLICATE_METHOD_MATCH = YES;
				COPY_PHASE_STRIP = NO;
				DEBUG_INFORMATION_FORMAT = dwarf;
				ENABLE_STRICT_OBJC_MSGSEND = YES;
				ENABLE_TESTABILITY = YES;
				GCC_C_LANGUAGE_STANDARD = gnu11;
				GCC_DYNAMIC_NO_PIC = NO;
				GCC_NO_COMMON_BLOCKS = YES;
				GCC_OPTIMIZATION_LEVEL = 0;
				GCC_PREPROCESSOR_DEFINITIONS = (
					"DEBUG=1",
					"$(inherited)",
				);
				GCC_WARN_64_TO_32_BIT_CONVERSION = YES;
				GCC_WARN_ABOUT_RETURN_TYPE = YES_ERROR;
				GCC_WARN_UNDECLARED_SELECTOR = YES;
				GCC_WARN_UNINITIALIZED_AUTOS = YES_AGGRESSIVE;
				GCC_WARN_UNUSED_FUNCTION = YES;
				GCC_WARN_UNUSED_VARIABLE = YES;
				IPHONEOS_DEPLOYMENT_TARGET = 16.1;
				MTL_ENABLE_DEBUG_INFO = INCLUDE_SOURCE;
				MTL_FAST_MATH = YES;
				ONLY_ACTIVE_ARCH = YES;
				SDKROOT = iphoneos;
				SWIFT_ACTIVE_COMPILATION_CONDITIONS = DEBUG;
				SWIFT_OPTIMIZATION_LEVEL = "-Onone";
			};
			name = Debug;
		};
		A1A5EC41292E508700AD80FB /* Release */ = {
			isa = XCBuildConfiguration;
			buildSettings = {
				ALWAYS_SEARCH_USER_PATHS = NO;
				CLANG_ANALYZER_NONNULL = YES;
				CLANG_ANALYZER_NUMBER_OBJECT_CONVERSION = YES_AGGRESSIVE;
				CLANG_CXX_LANGUAGE_STANDARD = "gnu++20";
				CLANG_ENABLE_MODULES = YES;
				CLANG_ENABLE_OBJC_ARC = YES;
				CLANG_ENABLE_OBJC_WEAK = YES;
				CLANG_WARN_BLOCK_CAPTURE_AUTORELEASING = YES;
				CLANG_WARN_BOOL_CONVERSION = YES;
				CLANG_WARN_COMMA = YES;
				CLANG_WARN_CONSTANT_CONVERSION = YES;
				CLANG_WARN_DEPRECATED_OBJC_IMPLEMENTATIONS = YES;
				CLANG_WARN_DIRECT_OBJC_ISA_USAGE = YES_ERROR;
				CLANG_WARN_DOCUMENTATION_COMMENTS = YES;
				CLANG_WARN_EMPTY_BODY = YES;
				CLANG_WARN_ENUM_CONVERSION = YES;
				CLANG_WARN_INFINITE_RECURSION = YES;
				CLANG_WARN_INT_CONVERSION = YES;
				CLANG_WARN_NON_LITERAL_NULL_CONVERSION = YES;
				CLANG_WARN_OBJC_IMPLICIT_RETAIN_SELF = YES;
				CLANG_WARN_OBJC_LITERAL_CONVERSION = YES;
				CLANG_WARN_OBJC_ROOT_CLASS = YES_ERROR;
				CLANG_WARN_QUOTED_INCLUDE_IN_FRAMEWORK_HEADER = YES;
				CLANG_WARN_RANGE_LOOP_ANALYSIS = YES;
				CLANG_WARN_STRICT_PROTOTYPES = YES;
				CLANG_WARN_SUSPICIOUS_MOVE = YES;
				CLANG_WARN_UNGUARDED_AVAILABILITY = YES_AGGRESSIVE;
				CLANG_WARN_UNREACHABLE_CODE = YES;
				CLANG_WARN__DUPLICATE_METHOD_MATCH = YES;
				COPY_PHASE_STRIP = NO;
				DEBUG_INFORMATION_FORMAT = "dwarf-with-dsym";
				ENABLE_NS_ASSERTIONS = NO;
				ENABLE_STRICT_OBJC_MSGSEND = YES;
				GCC_C_LANGUAGE_STANDARD = gnu11;
				GCC_NO_COMMON_BLOCKS = YES;
				GCC_WARN_64_TO_32_BIT_CONVERSION = YES;
				GCC_WARN_ABOUT_RETURN_TYPE = YES_ERROR;
				GCC_WARN_UNDECLARED_SELECTOR = YES;
				GCC_WARN_UNINITIALIZED_AUTOS = YES_AGGRESSIVE;
				GCC_WARN_UNUSED_FUNCTION = YES;
				GCC_WARN_UNUSED_VARIABLE = YES;
				IPHONEOS_DEPLOYMENT_TARGET = 16.1;
				MTL_ENABLE_DEBUG_INFO = NO;
				MTL_FAST_MATH = YES;
				SDKROOT = iphoneos;
				SWIFT_COMPILATION_MODE = wholemodule;
				SWIFT_OPTIMIZATION_LEVEL = "-O";
				VALIDATE_PRODUCT = YES;
			};
			name = Release;
		};
		A1A5EC43292E508700AD80FB /* Debug */ = {
			isa = XCBuildConfiguration;
			buildSettings = {
				ASSETCATALOG_COMPILER_APPICON_NAME = AppIcon;
				ASSETCATALOG_COMPILER_GLOBAL_ACCENT_COLOR_NAME = AccentColor;
				CODE_SIGN_STYLE = Automatic;
				CURRENT_PROJECT_VERSION = 1;
				DEVELOPMENT_ASSET_PATHS = "\"GameOfBlocksSample/Preview Content\"";
				DEVELOPMENT_TEAM = 59XYW74885;
				ENABLE_PREVIEWS = YES;
				GENERATE_INFOPLIST_FILE = YES;
				INFOPLIST_KEY_UIApplicationSceneManifest_Generation = YES;
				INFOPLIST_KEY_UIApplicationSupportsIndirectInputEvents = YES;
				INFOPLIST_KEY_UILaunchScreen_Generation = YES;
				INFOPLIST_KEY_UISupportedInterfaceOrientations_iPad = "UIInterfaceOrientationPortrait UIInterfaceOrientationPortraitUpsideDown UIInterfaceOrientationLandscapeLeft UIInterfaceOrientationLandscapeRight";
				INFOPLIST_KEY_UISupportedInterfaceOrientations_iPhone = "UIInterfaceOrientationPortrait UIInterfaceOrientationLandscapeLeft UIInterfaceOrientationLandscapeRight";
				LD_RUNPATH_SEARCH_PATHS = (
					"$(inherited)",
					"@executable_path/Frameworks",
				);
				MARKETING_VERSION = 1.0;
				PRODUCT_BUNDLE_IDENTIFIER = com.nicodev.GameOfBlocksSample;
				PRODUCT_NAME = "$(TARGET_NAME)";
				SWIFT_EMIT_LOC_STRINGS = YES;
				SWIFT_VERSION = 5.0;
				TARGETED_DEVICE_FAMILY = "1,2";
			};
			name = Debug;
		};
		A1A5EC44292E508700AD80FB /* Release */ = {
			isa = XCBuildConfiguration;
			buildSettings = {
				ASSETCATALOG_COMPILER_APPICON_NAME = AppIcon;
				ASSETCATALOG_COMPILER_GLOBAL_ACCENT_COLOR_NAME = AccentColor;
				CODE_SIGN_STYLE = Automatic;
				CURRENT_PROJECT_VERSION = 1;
				DEVELOPMENT_ASSET_PATHS = "\"GameOfBlocksSample/Preview Content\"";
				DEVELOPMENT_TEAM = 59XYW74885;
				ENABLE_PREVIEWS = YES;
				GENERATE_INFOPLIST_FILE = YES;
				INFOPLIST_KEY_UIApplicationSceneManifest_Generation = YES;
				INFOPLIST_KEY_UIApplicationSupportsIndirectInputEvents = YES;
				INFOPLIST_KEY_UILaunchScreen_Generation = YES;
				INFOPLIST_KEY_UISupportedInterfaceOrientations_iPad = "UIInterfaceOrientationPortrait UIInterfaceOrientationPortraitUpsideDown UIInterfaceOrientationLandscapeLeft UIInterfaceOrientationLandscapeRight";
				INFOPLIST_KEY_UISupportedInterfaceOrientations_iPhone = "UIInterfaceOrientationPortrait UIInterfaceOrientationLandscapeLeft UIInterfaceOrientationLandscapeRight";
				LD_RUNPATH_SEARCH_PATHS = (
					"$(inherited)",
					"@executable_path/Frameworks",
				);
				MARKETING_VERSION = 1.0;
				PRODUCT_BUNDLE_IDENTIFIER = com.nicodev.GameOfBlocksSample;
				PRODUCT_NAME = "$(TARGET_NAME)";
				SWIFT_EMIT_LOC_STRINGS = YES;
				SWIFT_VERSION = 5.0;
				TARGETED_DEVICE_FAMILY = "1,2";
			};
			name = Release;
		};
/* End XCBuildConfiguration section */

/* Begin XCConfigurationList section */
		A1A5EC2F292E508500AD80FB /* Build configuration list for PBXProject "GameOfBlocksSample" */ = {
			isa = XCConfigurationList;
			buildConfigurations = (
				A1A5EC40292E508700AD80FB /* Debug */,
				A1A5EC41292E508700AD80FB /* Release */,
			);
			defaultConfigurationIsVisible = 0;
			defaultConfigurationName = Release;
		};
		A1A5EC42292E508700AD80FB /* Build configuration list for PBXNativeTarget "GameOfBlocksSample" */ = {
			isa = XCConfigurationList;
			buildConfigurations = (
				A1A5EC43292E508700AD80FB /* Debug */,
				A1A5EC44292E508700AD80FB /* Release */,
			);
			defaultConfigurationIsVisible = 0;
			defaultConfigurationName = Release;
		};
/* End XCConfigurationList section */
	};
	rootObject = A1A5EC2C292E508500AD80FB /* Project object */;
}
